// !$*UTF8*$!
{
	archiveVersion = 1;
	classes = {
	};
	objectVersion = 54;
	objects = {

/* Begin PBXBuildFile section */
		4D14AA3E272DE6FD00B66376 /* AppContainer.swift in Sources */ = {isa = PBXBuildFile; fileRef = 4D14AA3D272DE6FD00B66376 /* AppContainer.swift */; };
		4D14AA40272DE7B700B66376 /* BaseViewController.swift in Sources */ = {isa = PBXBuildFile; fileRef = 4D14AA3F272DE7B700B66376 /* BaseViewController.swift */; };
		4D14AA43272DE7D500B66376 /* AssetView.swift in Sources */ = {isa = PBXBuildFile; fileRef = 4D14AA42272DE7D500B66376 /* AssetView.swift */; };
		4D14AA45272DE7DC00B66376 /* Asset.swift in Sources */ = {isa = PBXBuildFile; fileRef = 4D14AA44272DE7DC00B66376 /* Asset.swift */; };
		4D14AA48272DE82000B66376 /* UIViewExtensions.swift in Sources */ = {isa = PBXBuildFile; fileRef = 4D14AA47272DE82000B66376 /* UIViewExtensions.swift */; };
		4D14AA4C272E180D00B66376 /* GameInteractor.swift in Sources */ = {isa = PBXBuildFile; fileRef = 4D14AA4B272E180D00B66376 /* GameInteractor.swift */; };
		4D14AA4E272E18DC00B66376 /* GameState.swift in Sources */ = {isa = PBXBuildFile; fileRef = 4D14AA4D272E18DC00B66376 /* GameState.swift */; };
		4D14AA50272E18EF00B66376 /* GameEvent.swift in Sources */ = {isa = PBXBuildFile; fileRef = 4D14AA4F272E18EF00B66376 /* GameEvent.swift */; };
		4D14AA52272E19B000B66376 /* ErrorEvent.swift in Sources */ = {isa = PBXBuildFile; fileRef = 4D14AA51272E19B000B66376 /* ErrorEvent.swift */; };
		4D14AA55272E1A6A00B66376 /* UIApplicationExtensions.swift in Sources */ = {isa = PBXBuildFile; fileRef = 4D14AA54272E1A6A00B66376 /* UIApplicationExtensions.swift */; };
		4D14AA57272E25B700B66376 /* PanelView.swift in Sources */ = {isa = PBXBuildFile; fileRef = 4D14AA56272E25B700B66376 /* PanelView.swift */; };
		4D14AA5A272E39CD00B66376 /* Results.swift in Sources */ = {isa = PBXBuildFile; fileRef = 4D14AA59272E39CD00B66376 /* Results.swift */; };
		4D36F3E625DCA39800870ADE /* AppDelegate.swift in Sources */ = {isa = PBXBuildFile; fileRef = 4D36F3E525DCA39800870ADE /* AppDelegate.swift */; };
		4D36F3E825DCA39800870ADE /* SceneDelegate.swift in Sources */ = {isa = PBXBuildFile; fileRef = 4D36F3E725DCA39800870ADE /* SceneDelegate.swift */; };
		4D36F3ED25DCA39900870ADE /* Main.storyboard in Resources */ = {isa = PBXBuildFile; fileRef = 4D36F3EB25DCA39900870ADE /* Main.storyboard */; };
		4D36F3EF25DCA39B00870ADE /* Assets.xcassets in Resources */ = {isa = PBXBuildFile; fileRef = 4D36F3EE25DCA39B00870ADE /* Assets.xcassets */; };
		4D36F3F225DCA39B00870ADE /* LaunchScreen.storyboard in Resources */ = {isa = PBXBuildFile; fileRef = 4D36F3F025DCA39B00870ADE /* LaunchScreen.storyboard */; };
		4D36F3FD25DCA39B00870ADE /* Monty_Hall_AppTests.swift in Sources */ = {isa = PBXBuildFile; fileRef = 4D36F3FC25DCA39B00870ADE /* Monty_Hall_AppTests.swift */; };
		4D36F40825DCA39B00870ADE /* Monty_Hall_AppUITests.swift in Sources */ = {isa = PBXBuildFile; fileRef = 4D36F40725DCA39B00870ADE /* Monty_Hall_AppUITests.swift */; };
		4D36F41D25DCA3EA00870ADE /* MontyHallProblem.swift in Sources */ = {isa = PBXBuildFile; fileRef = 4D36F41C25DCA3EA00870ADE /* MontyHallProblem.swift */; };
		4D36F43025DCA7B900870ADE /* DoorCollectionViewCell.swift in Sources */ = {isa = PBXBuildFile; fileRef = 4D36F42F25DCA7B900870ADE /* DoorCollectionViewCell.swift */; };
		4D36F43525DCAF6A00870ADE /* PuzzleVC.swift in Sources */ = {isa = PBXBuildFile; fileRef = 4D36F43425DCAF6A00870ADE /* PuzzleVC.swift */; };
		4D36F44A25DCB03F00870ADE /* PuzzleView.swift in Sources */ = {isa = PBXBuildFile; fileRef = 4D36F44925DCB03F00870ADE /* PuzzleView.swift */; };
		4D45AA0827319BC800E87BBB /* PhosphateInline.ttf in Resources */ = {isa = PBXBuildFile; fileRef = 4D45AA0727319BC800E87BBB /* PhosphateInline.ttf */; };
		4D45AA0C27319CA400E87BBB /* PhosphateRRSolid.ttf in Resources */ = {isa = PBXBuildFile; fileRef = 4D45AA0B27319CA400E87BBB /* PhosphateRRSolid.ttf */; };
		4D45AA0E27319DD000E87BBB /* UIColor.swift in Sources */ = {isa = PBXBuildFile; fileRef = 4D45AA0D27319DD000E87BBB /* UIColor.swift */; };
		4D45AA112731BC0A00E87BBB /* AudioPlayer.swift in Sources */ = {isa = PBXBuildFile; fileRef = 4D45AA102731BC0A00E87BBB /* AudioPlayer.swift */; };
		4D45AA132731BC4700E87BBB /* Media.swift in Sources */ = {isa = PBXBuildFile; fileRef = 4D45AA122731BC4700E87BBB /* Media.swift */; };
		4D45AA152731BC8D00E87BBB /* soundtrack.mp3 in Resources */ = {isa = PBXBuildFile; fileRef = 4D45AA142731BC8D00E87BBB /* soundtrack.mp3 */; };
		4D45AA172731C2EE00E87BBB /* TopBarView.swift in Sources */ = {isa = PBXBuildFile; fileRef = 4D45AA162731C2EE00E87BBB /* TopBarView.swift */; };
		4D45AA1A2731CE0200E87BBB /* NavegationView.swift in Sources */ = {isa = PBXBuildFile; fileRef = 4D45AA192731CE0200E87BBB /* NavegationView.swift */; };
		4D8B9BAC272F4A280005B33C /* HomeView.swift in Sources */ = {isa = PBXBuildFile; fileRef = 4D8B9BAB272F4A280005B33C /* HomeView.swift */; };
		4D8B9BB0272F4A450005B33C /* HomeVC.swift in Sources */ = {isa = PBXBuildFile; fileRef = 4D8B9BAF272F4A450005B33C /* HomeVC.swift */; };
		4D8B9BB2272F99DD0005B33C /* ChoiceView.swift in Sources */ = {isa = PBXBuildFile; fileRef = 4D8B9BB1272F99DD0005B33C /* ChoiceView.swift */; };
		4D8B9BB8272FB8E60005B33C /* IntExtensions.swift in Sources */ = {isa = PBXBuildFile; fileRef = 4D8B9BB7272FB8E60005B33C /* IntExtensions.swift */; };
		4D8B9BBA273046680005B33C /* MenuView.swift in Sources */ = {isa = PBXBuildFile; fileRef = 4D8B9BB9273046680005B33C /* MenuView.swift */; };
		4D8B9BC527304EED0005B33C /* ExperimentVC.swift in Sources */ = {isa = PBXBuildFile; fileRef = 4D8B9BC427304EED0005B33C /* ExperimentVC.swift */; };
		4D8B9BC727304EF60005B33C /* TutorialVC.swift in Sources */ = {isa = PBXBuildFile; fileRef = 4D8B9BC627304EF60005B33C /* TutorialVC.swift */; };
		4D8B9BC927304F750005B33C /* ExperimentView.swift in Sources */ = {isa = PBXBuildFile; fileRef = 4D8B9BC827304F750005B33C /* ExperimentView.swift */; };
		4D8B9BCB27304FA60005B33C /* TutorialView.swift in Sources */ = {isa = PBXBuildFile; fileRef = 4D8B9BCA27304FA60005B33C /* TutorialView.swift */; };
		4DC1011925DD5B6500C35C21 /* DoorCollectionView.swift in Sources */ = {isa = PBXBuildFile; fileRef = 4DC1011825DD5B6500C35C21 /* DoorCollectionView.swift */; };
		4DC1A30225DD64F200304BA6 /* SecondChoice.swift in Sources */ = {isa = PBXBuildFile; fileRef = 4DC1A30125DD64F200304BA6 /* SecondChoice.swift */; };
		4DC1A30725DD656500304BA6 /* Experiment.swift in Sources */ = {isa = PBXBuildFile; fileRef = 4DC1A30625DD656500304BA6 /* Experiment.swift */; };
		4DC1A31A25DD990500304BA6 /* Door.swift in Sources */ = {isa = PBXBuildFile; fileRef = 4DC1A31925DD990500304BA6 /* Door.swift */; };
/* End PBXBuildFile section */

/* Begin PBXContainerItemProxy section */
		4D36F3F925DCA39B00870ADE /* PBXContainerItemProxy */ = {
			isa = PBXContainerItemProxy;
			containerPortal = 4D36F3DA25DCA39800870ADE /* Project object */;
			proxyType = 1;
			remoteGlobalIDString = 4D36F3E125DCA39800870ADE;
			remoteInfo = "Monty Hall App";
		};
		4D36F40425DCA39B00870ADE /* PBXContainerItemProxy */ = {
			isa = PBXContainerItemProxy;
			containerPortal = 4D36F3DA25DCA39800870ADE /* Project object */;
			proxyType = 1;
			remoteGlobalIDString = 4D36F3E125DCA39800870ADE;
			remoteInfo = "Monty Hall App";
		};
/* End PBXContainerItemProxy section */

/* Begin PBXFileReference section */
		4D14AA3D272DE6FD00B66376 /* AppContainer.swift */ = {isa = PBXFileReference; lastKnownFileType = sourcecode.swift; path = AppContainer.swift; sourceTree = "<group>"; };
		4D14AA3F272DE7B700B66376 /* BaseViewController.swift */ = {isa = PBXFileReference; lastKnownFileType = sourcecode.swift; path = BaseViewController.swift; sourceTree = "<group>"; };
		4D14AA42272DE7D500B66376 /* AssetView.swift */ = {isa = PBXFileReference; lastKnownFileType = sourcecode.swift; path = AssetView.swift; sourceTree = "<group>"; };
		4D14AA44272DE7DC00B66376 /* Asset.swift */ = {isa = PBXFileReference; lastKnownFileType = sourcecode.swift; path = Asset.swift; sourceTree = "<group>"; };
		4D14AA47272DE82000B66376 /* UIViewExtensions.swift */ = {isa = PBXFileReference; lastKnownFileType = sourcecode.swift; path = UIViewExtensions.swift; sourceTree = "<group>"; };
		4D14AA4B272E180D00B66376 /* GameInteractor.swift */ = {isa = PBXFileReference; lastKnownFileType = sourcecode.swift; path = GameInteractor.swift; sourceTree = "<group>"; };
		4D14AA4D272E18DC00B66376 /* GameState.swift */ = {isa = PBXFileReference; lastKnownFileType = sourcecode.swift; path = GameState.swift; sourceTree = "<group>"; };
		4D14AA4F272E18EF00B66376 /* GameEvent.swift */ = {isa = PBXFileReference; lastKnownFileType = sourcecode.swift; path = GameEvent.swift; sourceTree = "<group>"; };
		4D14AA51272E19B000B66376 /* ErrorEvent.swift */ = {isa = PBXFileReference; lastKnownFileType = sourcecode.swift; path = ErrorEvent.swift; sourceTree = "<group>"; };
		4D14AA54272E1A6A00B66376 /* UIApplicationExtensions.swift */ = {isa = PBXFileReference; lastKnownFileType = sourcecode.swift; path = UIApplicationExtensions.swift; sourceTree = "<group>"; };
		4D14AA56272E25B700B66376 /* PanelView.swift */ = {isa = PBXFileReference; lastKnownFileType = sourcecode.swift; path = PanelView.swift; sourceTree = "<group>"; };
		4D14AA59272E39CD00B66376 /* Results.swift */ = {isa = PBXFileReference; lastKnownFileType = sourcecode.swift; path = Results.swift; sourceTree = "<group>"; };
		4D36F3E225DCA39800870ADE /* Monty Hall App.app */ = {isa = PBXFileReference; explicitFileType = wrapper.application; includeInIndex = 0; path = "Monty Hall App.app"; sourceTree = BUILT_PRODUCTS_DIR; };
		4D36F3E525DCA39800870ADE /* AppDelegate.swift */ = {isa = PBXFileReference; lastKnownFileType = sourcecode.swift; path = AppDelegate.swift; sourceTree = "<group>"; };
		4D36F3E725DCA39800870ADE /* SceneDelegate.swift */ = {isa = PBXFileReference; lastKnownFileType = sourcecode.swift; path = SceneDelegate.swift; sourceTree = "<group>"; };
		4D36F3EC25DCA39900870ADE /* Base */ = {isa = PBXFileReference; lastKnownFileType = file.storyboard; name = Base; path = Base.lproj/Main.storyboard; sourceTree = "<group>"; };
		4D36F3EE25DCA39B00870ADE /* Assets.xcassets */ = {isa = PBXFileReference; lastKnownFileType = folder.assetcatalog; path = Assets.xcassets; sourceTree = "<group>"; };
		4D36F3F125DCA39B00870ADE /* Base */ = {isa = PBXFileReference; lastKnownFileType = file.storyboard; name = Base; path = Base.lproj/LaunchScreen.storyboard; sourceTree = "<group>"; };
		4D36F3F325DCA39B00870ADE /* Info.plist */ = {isa = PBXFileReference; lastKnownFileType = text.plist.xml; path = Info.plist; sourceTree = "<group>"; };
		4D36F3F825DCA39B00870ADE /* Monty Hall AppTests.xctest */ = {isa = PBXFileReference; explicitFileType = wrapper.cfbundle; includeInIndex = 0; path = "Monty Hall AppTests.xctest"; sourceTree = BUILT_PRODUCTS_DIR; };
		4D36F3FC25DCA39B00870ADE /* Monty_Hall_AppTests.swift */ = {isa = PBXFileReference; lastKnownFileType = sourcecode.swift; path = Monty_Hall_AppTests.swift; sourceTree = "<group>"; };
		4D36F3FE25DCA39B00870ADE /* Info.plist */ = {isa = PBXFileReference; lastKnownFileType = text.plist.xml; path = Info.plist; sourceTree = "<group>"; };
		4D36F40325DCA39B00870ADE /* Monty Hall AppUITests.xctest */ = {isa = PBXFileReference; explicitFileType = wrapper.cfbundle; includeInIndex = 0; path = "Monty Hall AppUITests.xctest"; sourceTree = BUILT_PRODUCTS_DIR; };
		4D36F40725DCA39B00870ADE /* Monty_Hall_AppUITests.swift */ = {isa = PBXFileReference; lastKnownFileType = sourcecode.swift; path = Monty_Hall_AppUITests.swift; sourceTree = "<group>"; };
		4D36F40925DCA39B00870ADE /* Info.plist */ = {isa = PBXFileReference; lastKnownFileType = text.plist.xml; path = Info.plist; sourceTree = "<group>"; };
		4D36F41C25DCA3EA00870ADE /* MontyHallProblem.swift */ = {isa = PBXFileReference; lastKnownFileType = sourcecode.swift; path = MontyHallProblem.swift; sourceTree = "<group>"; };
		4D36F42F25DCA7B900870ADE /* DoorCollectionViewCell.swift */ = {isa = PBXFileReference; lastKnownFileType = sourcecode.swift; path = DoorCollectionViewCell.swift; sourceTree = "<group>"; };
		4D36F43425DCAF6A00870ADE /* PuzzleVC.swift */ = {isa = PBXFileReference; lastKnownFileType = sourcecode.swift; path = PuzzleVC.swift; sourceTree = "<group>"; };
		4D36F44925DCB03F00870ADE /* PuzzleView.swift */ = {isa = PBXFileReference; lastKnownFileType = sourcecode.swift; path = PuzzleView.swift; sourceTree = "<group>"; };
		4D45AA0727319BC800E87BBB /* PhosphateInline.ttf */ = {isa = PBXFileReference; lastKnownFileType = file; path = PhosphateInline.ttf; sourceTree = "<group>"; };
		4D45AA0B27319CA400E87BBB /* PhosphateRRSolid.ttf */ = {isa = PBXFileReference; lastKnownFileType = file; path = PhosphateRRSolid.ttf; sourceTree = "<group>"; };
		4D45AA0D27319DD000E87BBB /* UIColor.swift */ = {isa = PBXFileReference; lastKnownFileType = sourcecode.swift; path = UIColor.swift; sourceTree = "<group>"; };
		4D45AA102731BC0A00E87BBB /* AudioPlayer.swift */ = {isa = PBXFileReference; lastKnownFileType = sourcecode.swift; path = AudioPlayer.swift; sourceTree = "<group>"; };
		4D45AA122731BC4700E87BBB /* Media.swift */ = {isa = PBXFileReference; lastKnownFileType = sourcecode.swift; path = Media.swift; sourceTree = "<group>"; };
		4D45AA142731BC8D00E87BBB /* soundtrack.mp3 */ = {isa = PBXFileReference; lastKnownFileType = audio.mp3; path = soundtrack.mp3; sourceTree = "<group>"; };
		4D45AA162731C2EE00E87BBB /* TopBarView.swift */ = {isa = PBXFileReference; lastKnownFileType = sourcecode.swift; path = TopBarView.swift; sourceTree = "<group>"; };
		4D45AA192731CE0200E87BBB /* NavegationView.swift */ = {isa = PBXFileReference; lastKnownFileType = sourcecode.swift; path = NavegationView.swift; sourceTree = "<group>"; };
		4D8B9BAB272F4A280005B33C /* HomeView.swift */ = {isa = PBXFileReference; lastKnownFileType = sourcecode.swift; path = HomeView.swift; sourceTree = "<group>"; };
		4D8B9BAF272F4A450005B33C /* HomeVC.swift */ = {isa = PBXFileReference; lastKnownFileType = sourcecode.swift; path = HomeVC.swift; sourceTree = "<group>"; };
		4D8B9BB1272F99DD0005B33C /* ChoiceView.swift */ = {isa = PBXFileReference; lastKnownFileType = sourcecode.swift; path = ChoiceView.swift; sourceTree = "<group>"; };
		4D8B9BB7272FB8E60005B33C /* IntExtensions.swift */ = {isa = PBXFileReference; lastKnownFileType = sourcecode.swift; path = IntExtensions.swift; sourceTree = "<group>"; };
		4D8B9BB9273046680005B33C /* MenuView.swift */ = {isa = PBXFileReference; lastKnownFileType = sourcecode.swift; path = MenuView.swift; sourceTree = "<group>"; };
		4D8B9BC427304EED0005B33C /* ExperimentVC.swift */ = {isa = PBXFileReference; lastKnownFileType = sourcecode.swift; path = ExperimentVC.swift; sourceTree = "<group>"; };
		4D8B9BC627304EF60005B33C /* TutorialVC.swift */ = {isa = PBXFileReference; lastKnownFileType = sourcecode.swift; path = TutorialVC.swift; sourceTree = "<group>"; };
		4D8B9BC827304F750005B33C /* ExperimentView.swift */ = {isa = PBXFileReference; lastKnownFileType = sourcecode.swift; path = ExperimentView.swift; sourceTree = "<group>"; };
		4D8B9BCA27304FA60005B33C /* TutorialView.swift */ = {isa = PBXFileReference; lastKnownFileType = sourcecode.swift; path = TutorialView.swift; sourceTree = "<group>"; };
		4DC1011825DD5B6500C35C21 /* DoorCollectionView.swift */ = {isa = PBXFileReference; lastKnownFileType = sourcecode.swift; path = DoorCollectionView.swift; sourceTree = "<group>"; };
		4DC1A30125DD64F200304BA6 /* SecondChoice.swift */ = {isa = PBXFileReference; lastKnownFileType = sourcecode.swift; path = SecondChoice.swift; sourceTree = "<group>"; };
		4DC1A30625DD656500304BA6 /* Experiment.swift */ = {isa = PBXFileReference; lastKnownFileType = sourcecode.swift; path = Experiment.swift; sourceTree = "<group>"; };
		4DC1A31925DD990500304BA6 /* Door.swift */ = {isa = PBXFileReference; lastKnownFileType = sourcecode.swift; path = Door.swift; sourceTree = "<group>"; };
/* End PBXFileReference section */

/* Begin PBXFrameworksBuildPhase section */
		4D36F3DF25DCA39800870ADE /* Frameworks */ = {
			isa = PBXFrameworksBuildPhase;
			buildActionMask = 2147483647;
			files = (
			);
			runOnlyForDeploymentPostprocessing = 0;
		};
		4D36F3F525DCA39B00870ADE /* Frameworks */ = {
			isa = PBXFrameworksBuildPhase;
			buildActionMask = 2147483647;
			files = (
			);
			runOnlyForDeploymentPostprocessing = 0;
		};
		4D36F40025DCA39B00870ADE /* Frameworks */ = {
			isa = PBXFrameworksBuildPhase;
			buildActionMask = 2147483647;
			files = (
			);
			runOnlyForDeploymentPostprocessing = 0;
		};
/* End PBXFrameworksBuildPhase section */

/* Begin PBXGroup section */
		4D14AA39272DE6B100B66376 /* Scenes */ = {
			isa = PBXGroup;
			children = (
				4D8B9BAA272F4A1C0005B33C /* Home */,
				4D8B9BA9272F4A0F0005B33C /* Puzzle */,
				4D8B9BBE27304EA20005B33C /* Experiment */,
				4D8B9BBD27304E6D0005B33C /* Tutorial */,
			);
			path = Scenes;
			sourceTree = "<group>";
		};
		4D14AA3A272DE6C300B66376 /* View */ = {
			isa = PBXGroup;
			children = (
				4D36F44925DCB03F00870ADE /* PuzzleView.swift */,
				4D8B9BB1272F99DD0005B33C /* ChoiceView.swift */,
				4D14AA56272E25B700B66376 /* PanelView.swift */,
			);
			path = View;
			sourceTree = "<group>";
		};
		4D14AA3B272DE6CD00B66376 /* Controller */ = {
			isa = PBXGroup;
			children = (
				4D36F43425DCAF6A00870ADE /* PuzzleVC.swift */,
			);
			path = Controller;
			sourceTree = "<group>";
		};
		4D14AA3C272DE6E900B66376 /* Application */ = {
			isa = PBXGroup;
			children = (
				4D36F3E525DCA39800870ADE /* AppDelegate.swift */,
				4D36F3E725DCA39800870ADE /* SceneDelegate.swift */,
				4D14AA3D272DE6FD00B66376 /* AppContainer.swift */,
				4D14AA53272E1A5A00B66376 /* Extensions */,
			);
			path = Application;
			sourceTree = "<group>";
		};
		4D14AA41272DE7C900B66376 /* Assets */ = {
			isa = PBXGroup;
			children = (
				4D14AA44272DE7DC00B66376 /* Asset.swift */,
				4D14AA42272DE7D500B66376 /* AssetView.swift */,
			);
			path = Assets;
			sourceTree = "<group>";
		};
		4D14AA46272DE80F00B66376 /* Extensions */ = {
			isa = PBXGroup;
			children = (
				4D14AA47272DE82000B66376 /* UIViewExtensions.swift */,
				4D45AA0D27319DD000E87BBB /* UIColor.swift */,
			);
			path = Extensions;
			sourceTree = "<group>";
		};
		4D14AA53272E1A5A00B66376 /* Extensions */ = {
			isa = PBXGroup;
			children = (
				4D14AA54272E1A6A00B66376 /* UIApplicationExtensions.swift */,
			);
			path = Extensions;
			sourceTree = "<group>";
		};
		4D14AA58272E368B00B66376 /* GameInteractor */ = {
			isa = PBXGroup;
			children = (
				4D14AA4B272E180D00B66376 /* GameInteractor.swift */,
				4D14AA4F272E18EF00B66376 /* GameEvent.swift */,
				4D14AA4D272E18DC00B66376 /* GameState.swift */,
				4D14AA51272E19B000B66376 /* ErrorEvent.swift */,
			);
			path = GameInteractor;
			sourceTree = "<group>";
		};
		4D36F3D925DCA39800870ADE = {
			isa = PBXGroup;
			children = (
				4D36F3E425DCA39800870ADE /* Monty Hall App */,
				4D36F3FB25DCA39B00870ADE /* Monty Hall AppTests */,
				4D36F40625DCA39B00870ADE /* Monty Hall AppUITests */,
				4D36F3E325DCA39800870ADE /* Products */,
			);
			sourceTree = "<group>";
		};
		4D36F3E325DCA39800870ADE /* Products */ = {
			isa = PBXGroup;
			children = (
				4D36F3E225DCA39800870ADE /* Monty Hall App.app */,
				4D36F3F825DCA39B00870ADE /* Monty Hall AppTests.xctest */,
				4D36F40325DCA39B00870ADE /* Monty Hall AppUITests.xctest */,
			);
			name = Products;
			sourceTree = "<group>";
		};
		4D36F3E425DCA39800870ADE /* Monty Hall App */ = {
			isa = PBXGroup;
			children = (
				4D14AA3C272DE6E900B66376 /* Application */,
				4D14AA39272DE6B100B66376 /* Scenes */,
				4D36F41925DCA3AD00870ADE /* View */,
				4D36F41B25DCA3BA00870ADE /* Controller */,
				4D36F41825DCA3A900870ADE /* Model */,
				4D45AA0F2731BBEB00E87BBB /* Sounds */,
				4D45AA04273196D100E87BBB /* Fonts */,
				4D36F3EB25DCA39900870ADE /* Main.storyboard */,
				4D36F3EE25DCA39B00870ADE /* Assets.xcassets */,
				4D36F3F025DCA39B00870ADE /* LaunchScreen.storyboard */,
				4D36F3F325DCA39B00870ADE /* Info.plist */,
			);
			path = "Monty Hall App";
			sourceTree = "<group>";
		};
		4D36F3FB25DCA39B00870ADE /* Monty Hall AppTests */ = {
			isa = PBXGroup;
			children = (
				4D36F3FC25DCA39B00870ADE /* Monty_Hall_AppTests.swift */,
				4D36F3FE25DCA39B00870ADE /* Info.plist */,
			);
			path = "Monty Hall AppTests";
			sourceTree = "<group>";
		};
		4D36F40625DCA39B00870ADE /* Monty Hall AppUITests */ = {
			isa = PBXGroup;
			children = (
				4D36F40725DCA39B00870ADE /* Monty_Hall_AppUITests.swift */,
				4D36F40925DCA39B00870ADE /* Info.plist */,
			);
			path = "Monty Hall AppUITests";
			sourceTree = "<group>";
		};
		4D36F41825DCA3A900870ADE /* Model */ = {
			isa = PBXGroup;
			children = (
				4D36F41C25DCA3EA00870ADE /* MontyHallProblem.swift */,
				4DC1A31925DD990500304BA6 /* Door.swift */,
				4DC1A30125DD64F200304BA6 /* SecondChoice.swift */,
				4DC1A30625DD656500304BA6 /* Experiment.swift */,
				4D14AA59272E39CD00B66376 /* Results.swift */,
				4D8B9BB6272FB8DA0005B33C /* Extensions */,
			);
			path = Model;
			sourceTree = "<group>";
		};
		4D36F41925DCA3AD00870ADE /* View */ = {
			isa = PBXGroup;
			children = (
				4D14AA41272DE7C900B66376 /* Assets */,
				4D14AA46272DE80F00B66376 /* Extensions */,
				4D45AA182731C7FF00E87BBB /* TopBar */,
				4D36F45125DCB05300870ADE /* DoorCollectionView */,
			);
			path = View;
			sourceTree = "<group>";
		};
		4D36F41B25DCA3BA00870ADE /* Controller */ = {
			isa = PBXGroup;
			children = (
				4D14AA3F272DE7B700B66376 /* BaseViewController.swift */,
				4D14AA58272E368B00B66376 /* GameInteractor */,
			);
			path = Controller;
			sourceTree = "<group>";
		};
		4D36F45125DCB05300870ADE /* DoorCollectionView */ = {
			isa = PBXGroup;
			children = (
				4DC1011825DD5B6500C35C21 /* DoorCollectionView.swift */,
				4D36F42F25DCA7B900870ADE /* DoorCollectionViewCell.swift */,
			);
			path = DoorCollectionView;
			sourceTree = "<group>";
		};
		4D45AA04273196D100E87BBB /* Fonts */ = {
			isa = PBXGroup;
			children = (
				4D45AA0727319BC800E87BBB /* PhosphateInline.ttf */,
				4D45AA0B27319CA400E87BBB /* PhosphateRRSolid.ttf */,
			);
			path = Fonts;
			sourceTree = "<group>";
		};
		4D45AA0F2731BBEB00E87BBB /* Sounds */ = {
			isa = PBXGroup;
			children = (
				4D45AA102731BC0A00E87BBB /* AudioPlayer.swift */,
				4D45AA122731BC4700E87BBB /* Media.swift */,
				4D45AA142731BC8D00E87BBB /* soundtrack.mp3 */,
			);
			path = Sounds;
			sourceTree = "<group>";
		};
		4D45AA182731C7FF00E87BBB /* TopBar */ = {
			isa = PBXGroup;
			children = (
				4D45AA192731CE0200E87BBB /* NavegationView.swift */,
				4D45AA162731C2EE00E87BBB /* TopBarView.swift */,
			);
			path = TopBar;
			sourceTree = "<group>";
		};
		4D8B9BA9272F4A0F0005B33C /* Puzzle */ = {
			isa = PBXGroup;
			children = (
				4D14AA3A272DE6C300B66376 /* View */,
				4D14AA3B272DE6CD00B66376 /* Controller */,
			);
			path = Puzzle;
			sourceTree = "<group>";
		};
		4D8B9BAA272F4A1C0005B33C /* Home */ = {
			isa = PBXGroup;
			children = (
				4D8B9BAD272F4A2D0005B33C /* View */,
				4D8B9BAE272F4A330005B33C /* Controller */,
			);
			path = Home;
			sourceTree = "<group>";
		};
		4D8B9BAD272F4A2D0005B33C /* View */ = {
			isa = PBXGroup;
			children = (
				4D8B9BAB272F4A280005B33C /* HomeView.swift */,
				4D8B9BB9273046680005B33C /* MenuView.swift */,
			);
			path = View;
			sourceTree = "<group>";
		};
		4D8B9BAE272F4A330005B33C /* Controller */ = {
			isa = PBXGroup;
			children = (
				4D8B9BAF272F4A450005B33C /* HomeVC.swift */,
			);
			path = Controller;
			sourceTree = "<group>";
		};
		4D8B9BB6272FB8DA0005B33C /* Extensions */ = {
			isa = PBXGroup;
			children = (
				4D8B9BB7272FB8E60005B33C /* IntExtensions.swift */,
			);
			path = Extensions;
			sourceTree = "<group>";
		};
		4D8B9BBD27304E6D0005B33C /* Tutorial */ = {
			isa = PBXGroup;
			children = (
				4D8B9BC127304EC90005B33C /* View */,
				4D8B9BC227304ECF0005B33C /* Controller */,
			);
			path = Tutorial;
			sourceTree = "<group>";
		};
		4D8B9BBE27304EA20005B33C /* Experiment */ = {
			isa = PBXGroup;
			children = (
				4D8B9BBF27304EBC0005B33C /* View */,
				4D8B9BC027304EBF0005B33C /* Controller */,
			);
			path = Experiment;
			sourceTree = "<group>";
		};
		4D8B9BBF27304EBC0005B33C /* View */ = {
			isa = PBXGroup;
			children = (
				4D8B9BC827304F750005B33C /* ExperimentView.swift */,
			);
			path = View;
			sourceTree = "<group>";
		};
		4D8B9BC027304EBF0005B33C /* Controller */ = {
			isa = PBXGroup;
			children = (
				4D8B9BC427304EED0005B33C /* ExperimentVC.swift */,
			);
			path = Controller;
			sourceTree = "<group>";
		};
		4D8B9BC127304EC90005B33C /* View */ = {
			isa = PBXGroup;
			children = (
				4D8B9BCA27304FA60005B33C /* TutorialView.swift */,
			);
			path = View;
			sourceTree = "<group>";
		};
		4D8B9BC227304ECF0005B33C /* Controller */ = {
			isa = PBXGroup;
			children = (
				4D8B9BC627304EF60005B33C /* TutorialVC.swift */,
			);
			path = Controller;
			sourceTree = "<group>";
		};
/* End PBXGroup section */

/* Begin PBXNativeTarget section */
		4D36F3E125DCA39800870ADE /* Monty Hall App */ = {
			isa = PBXNativeTarget;
			buildConfigurationList = 4D36F40C25DCA39B00870ADE /* Build configuration list for PBXNativeTarget "Monty Hall App" */;
			buildPhases = (
				4D36F3DE25DCA39800870ADE /* Sources */,
				4D36F3DF25DCA39800870ADE /* Frameworks */,
				4D36F3E025DCA39800870ADE /* Resources */,
				4D14AA38272DDC9B00B66376 /* ShellScript */,
			);
			buildRules = (
			);
			dependencies = (
			);
			name = "Monty Hall App";
			productName = "Monty Hall App";
			productReference = 4D36F3E225DCA39800870ADE /* Monty Hall App.app */;
			productType = "com.apple.product-type.application";
		};
		4D36F3F725DCA39B00870ADE /* Monty Hall AppTests */ = {
			isa = PBXNativeTarget;
			buildConfigurationList = 4D36F40F25DCA39B00870ADE /* Build configuration list for PBXNativeTarget "Monty Hall AppTests" */;
			buildPhases = (
				4D36F3F425DCA39B00870ADE /* Sources */,
				4D36F3F525DCA39B00870ADE /* Frameworks */,
				4D36F3F625DCA39B00870ADE /* Resources */,
			);
			buildRules = (
			);
			dependencies = (
				4D36F3FA25DCA39B00870ADE /* PBXTargetDependency */,
			);
			name = "Monty Hall AppTests";
			productName = "Monty Hall AppTests";
			productReference = 4D36F3F825DCA39B00870ADE /* Monty Hall AppTests.xctest */;
			productType = "com.apple.product-type.bundle.unit-test";
		};
		4D36F40225DCA39B00870ADE /* Monty Hall AppUITests */ = {
			isa = PBXNativeTarget;
			buildConfigurationList = 4D36F41225DCA39B00870ADE /* Build configuration list for PBXNativeTarget "Monty Hall AppUITests" */;
			buildPhases = (
				4D36F3FF25DCA39B00870ADE /* Sources */,
				4D36F40025DCA39B00870ADE /* Frameworks */,
				4D36F40125DCA39B00870ADE /* Resources */,
			);
			buildRules = (
			);
			dependencies = (
				4D36F40525DCA39B00870ADE /* PBXTargetDependency */,
			);
			name = "Monty Hall AppUITests";
			productName = "Monty Hall AppUITests";
			productReference = 4D36F40325DCA39B00870ADE /* Monty Hall AppUITests.xctest */;
			productType = "com.apple.product-type.bundle.ui-testing";
		};
/* End PBXNativeTarget section */

/* Begin PBXProject section */
		4D36F3DA25DCA39800870ADE /* Project object */ = {
			isa = PBXProject;
			attributes = {
				LastSwiftUpdateCheck = 1220;
				LastUpgradeCheck = 1220;
				TargetAttributes = {
					4D36F3E125DCA39800870ADE = {
						CreatedOnToolsVersion = 12.2;
					};
					4D36F3F725DCA39B00870ADE = {
						CreatedOnToolsVersion = 12.2;
						TestTargetID = 4D36F3E125DCA39800870ADE;
					};
					4D36F40225DCA39B00870ADE = {
						CreatedOnToolsVersion = 12.2;
						TestTargetID = 4D36F3E125DCA39800870ADE;
					};
				};
			};
			buildConfigurationList = 4D36F3DD25DCA39800870ADE /* Build configuration list for PBXProject "Monty Hall App" */;
			compatibilityVersion = "Xcode 9.3";
			developmentRegion = en;
			hasScannedForEncodings = 0;
			knownRegions = (
				en,
				Base,
			);
			mainGroup = 4D36F3D925DCA39800870ADE;
			productRefGroup = 4D36F3E325DCA39800870ADE /* Products */;
			projectDirPath = "";
			projectRoot = "";
			targets = (
				4D36F3E125DCA39800870ADE /* Monty Hall App */,
				4D36F3F725DCA39B00870ADE /* Monty Hall AppTests */,
				4D36F40225DCA39B00870ADE /* Monty Hall AppUITests */,
			);
		};
/* End PBXProject section */

/* Begin PBXResourcesBuildPhase section */
		4D36F3E025DCA39800870ADE /* Resources */ = {
			isa = PBXResourcesBuildPhase;
			buildActionMask = 2147483647;
			files = (
				4D36F3F225DCA39B00870ADE /* LaunchScreen.storyboard in Resources */,
				4D36F3EF25DCA39B00870ADE /* Assets.xcassets in Resources */,
				4D45AA0827319BC800E87BBB /* PhosphateInline.ttf in Resources */,
				4D45AA0C27319CA400E87BBB /* PhosphateRRSolid.ttf in Resources */,
				4D45AA152731BC8D00E87BBB /* soundtrack.mp3 in Resources */,
				4D36F3ED25DCA39900870ADE /* Main.storyboard in Resources */,
			);
			runOnlyForDeploymentPostprocessing = 0;
		};
		4D36F3F625DCA39B00870ADE /* Resources */ = {
			isa = PBXResourcesBuildPhase;
			buildActionMask = 2147483647;
			files = (
			);
			runOnlyForDeploymentPostprocessing = 0;
		};
		4D36F40125DCA39B00870ADE /* Resources */ = {
			isa = PBXResourcesBuildPhase;
			buildActionMask = 2147483647;
			files = (
			);
			runOnlyForDeploymentPostprocessing = 0;
		};
/* End PBXResourcesBuildPhase section */

/* Begin PBXShellScriptBuildPhase section */
		4D14AA38272DDC9B00B66376 /* ShellScript */ = {
			isa = PBXShellScriptBuildPhase;
			alwaysOutOfDate = 1;
			buildActionMask = 8;
			files = (
			);
			inputFileListPaths = (
			);
			inputPaths = (
			);
			outputFileListPaths = (
			);
			outputPaths = (
			);
			runOnlyForDeploymentPostprocessing = 1;
			shellPath = /bin/sh;
			shellScript = "
";
		};
/* End PBXShellScriptBuildPhase section */

/* Begin PBXSourcesBuildPhase section */
		4D36F3DE25DCA39800870ADE /* Sources */ = {
			isa = PBXSourcesBuildPhase;
			buildActionMask = 2147483647;
			files = (
				4D14AA55272E1A6A00B66376 /* UIApplicationExtensions.swift in Sources */,
				4D14AA40272DE7B700B66376 /* BaseViewController.swift in Sources */,
				4D45AA112731BC0A00E87BBB /* AudioPlayer.swift in Sources */,
				4D36F43025DCA7B900870ADE /* DoorCollectionViewCell.swift in Sources */,
				4DC1A31A25DD990500304BA6 /* Door.swift in Sources */,
				4D14AA4E272E18DC00B66376 /* GameState.swift in Sources */,
				4DC1A30225DD64F200304BA6 /* SecondChoice.swift in Sources */,
				4D45AA172731C2EE00E87BBB /* TopBarView.swift in Sources */,
				4D36F3E625DCA39800870ADE /* AppDelegate.swift in Sources */,
				4D8B9BB8272FB8E60005B33C /* IntExtensions.swift in Sources */,
				4D45AA1A2731CE0200E87BBB /* NavegationView.swift in Sources */,
				4D14AA3E272DE6FD00B66376 /* AppContainer.swift in Sources */,
				4D8B9BC927304F750005B33C /* ExperimentView.swift in Sources */,
				4D36F41D25DCA3EA00870ADE /* MontyHallProblem.swift in Sources */,
				4D36F43525DCAF6A00870ADE /* PuzzleVC.swift in Sources */,
				4D8B9BC527304EED0005B33C /* ExperimentVC.swift in Sources */,
				4D45AA132731BC4700E87BBB /* Media.swift in Sources */,
				4D14AA43272DE7D500B66376 /* AssetView.swift in Sources */,
				4D14AA48272DE82000B66376 /* UIViewExtensions.swift in Sources */,
				4D8B9BCB27304FA60005B33C /* TutorialView.swift in Sources */,
				4D14AA5A272E39CD00B66376 /* Results.swift in Sources */,
				4D14AA57272E25B700B66376 /* PanelView.swift in Sources */,
				4D8B9BB2272F99DD0005B33C /* ChoiceView.swift in Sources */,
				4D36F44A25DCB03F00870ADE /* PuzzleView.swift in Sources */,
				4D14AA4C272E180D00B66376 /* GameInteractor.swift in Sources */,
				4DC1011925DD5B6500C35C21 /* DoorCollectionView.swift in Sources */,
				4D14AA52272E19B000B66376 /* ErrorEvent.swift in Sources */,
				4D14AA45272DE7DC00B66376 /* Asset.swift in Sources */,
				4D36F3E825DCA39800870ADE /* SceneDelegate.swift in Sources */,
				4D45AA0E27319DD000E87BBB /* UIColor.swift in Sources */,
				4D8B9BBA273046680005B33C /* MenuView.swift in Sources */,
				4D8B9BB0272F4A450005B33C /* HomeVC.swift in Sources */,
				4D8B9BC727304EF60005B33C /* TutorialVC.swift in Sources */,
				4D8B9BAC272F4A280005B33C /* HomeView.swift in Sources */,
				4D14AA50272E18EF00B66376 /* GameEvent.swift in Sources */,
				4DC1A30725DD656500304BA6 /* Experiment.swift in Sources */,
			);
			runOnlyForDeploymentPostprocessing = 0;
		};
		4D36F3F425DCA39B00870ADE /* Sources */ = {
			isa = PBXSourcesBuildPhase;
			buildActionMask = 2147483647;
			files = (
				4D36F3FD25DCA39B00870ADE /* Monty_Hall_AppTests.swift in Sources */,
			);
			runOnlyForDeploymentPostprocessing = 0;
		};
		4D36F3FF25DCA39B00870ADE /* Sources */ = {
			isa = PBXSourcesBuildPhase;
			buildActionMask = 2147483647;
			files = (
				4D36F40825DCA39B00870ADE /* Monty_Hall_AppUITests.swift in Sources */,
			);
			runOnlyForDeploymentPostprocessing = 0;
		};
/* End PBXSourcesBuildPhase section */

/* Begin PBXTargetDependency section */
		4D36F3FA25DCA39B00870ADE /* PBXTargetDependency */ = {
			isa = PBXTargetDependency;
			target = 4D36F3E125DCA39800870ADE /* Monty Hall App */;
			targetProxy = 4D36F3F925DCA39B00870ADE /* PBXContainerItemProxy */;
		};
		4D36F40525DCA39B00870ADE /* PBXTargetDependency */ = {
			isa = PBXTargetDependency;
			target = 4D36F3E125DCA39800870ADE /* Monty Hall App */;
			targetProxy = 4D36F40425DCA39B00870ADE /* PBXContainerItemProxy */;
		};
/* End PBXTargetDependency section */

/* Begin PBXVariantGroup section */
		4D36F3EB25DCA39900870ADE /* Main.storyboard */ = {
			isa = PBXVariantGroup;
			children = (
				4D36F3EC25DCA39900870ADE /* Base */,
			);
			name = Main.storyboard;
			sourceTree = "<group>";
		};
		4D36F3F025DCA39B00870ADE /* LaunchScreen.storyboard */ = {
			isa = PBXVariantGroup;
			children = (
				4D36F3F125DCA39B00870ADE /* Base */,
			);
			name = LaunchScreen.storyboard;
			sourceTree = "<group>";
		};
/* End PBXVariantGroup section */

/* Begin XCBuildConfiguration section */
		4D36F40A25DCA39B00870ADE /* Debug */ = {
			isa = XCBuildConfiguration;
			buildSettings = {
				ALWAYS_SEARCH_USER_PATHS = NO;
				CLANG_ANALYZER_NONNULL = YES;
				CLANG_ANALYZER_NUMBER_OBJECT_CONVERSION = YES_AGGRESSIVE;
				CLANG_CXX_LANGUAGE_STANDARD = "gnu++14";
				CLANG_CXX_LIBRARY = "libc++";
				CLANG_ENABLE_MODULES = YES;
				CLANG_ENABLE_OBJC_ARC = YES;
				CLANG_ENABLE_OBJC_WEAK = YES;
				CLANG_WARN_BLOCK_CAPTURE_AUTORELEASING = YES;
				CLANG_WARN_BOOL_CONVERSION = YES;
				CLANG_WARN_COMMA = YES;
				CLANG_WARN_CONSTANT_CONVERSION = YES;
				CLANG_WARN_DEPRECATED_OBJC_IMPLEMENTATIONS = YES;
				CLANG_WARN_DIRECT_OBJC_ISA_USAGE = YES_ERROR;
				CLANG_WARN_DOCUMENTATION_COMMENTS = YES;
				CLANG_WARN_EMPTY_BODY = YES;
				CLANG_WARN_ENUM_CONVERSION = YES;
				CLANG_WARN_INFINITE_RECURSION = YES;
				CLANG_WARN_INT_CONVERSION = YES;
				CLANG_WARN_NON_LITERAL_NULL_CONVERSION = YES;
				CLANG_WARN_OBJC_IMPLICIT_RETAIN_SELF = YES;
				CLANG_WARN_OBJC_LITERAL_CONVERSION = YES;
				CLANG_WARN_OBJC_ROOT_CLASS = YES_ERROR;
				CLANG_WARN_QUOTED_INCLUDE_IN_FRAMEWORK_HEADER = YES;
				CLANG_WARN_RANGE_LOOP_ANALYSIS = YES;
				CLANG_WARN_STRICT_PROTOTYPES = YES;
				CLANG_WARN_SUSPICIOUS_MOVE = YES;
				CLANG_WARN_UNGUARDED_AVAILABILITY = YES_AGGRESSIVE;
				CLANG_WARN_UNREACHABLE_CODE = YES;
				CLANG_WARN__DUPLICATE_METHOD_MATCH = YES;
				COPY_PHASE_STRIP = NO;
				DEBUG_INFORMATION_FORMAT = dwarf;
				ENABLE_STRICT_OBJC_MSGSEND = YES;
				ENABLE_TESTABILITY = YES;
				GCC_C_LANGUAGE_STANDARD = gnu11;
				GCC_DYNAMIC_NO_PIC = NO;
				GCC_NO_COMMON_BLOCKS = YES;
				GCC_OPTIMIZATION_LEVEL = 0;
				GCC_PREPROCESSOR_DEFINITIONS = (
					"DEBUG=1",
					"$(inherited)",
				);
				GCC_WARN_64_TO_32_BIT_CONVERSION = YES;
				GCC_WARN_ABOUT_RETURN_TYPE = YES_ERROR;
				GCC_WARN_UNDECLARED_SELECTOR = YES;
				GCC_WARN_UNINITIALIZED_AUTOS = YES_AGGRESSIVE;
				GCC_WARN_UNUSED_FUNCTION = YES;
				GCC_WARN_UNUSED_VARIABLE = YES;
				IPHONEOS_DEPLOYMENT_TARGET = 14.2;
				MTL_ENABLE_DEBUG_INFO = INCLUDE_SOURCE;
				MTL_FAST_MATH = YES;
				ONLY_ACTIVE_ARCH = YES;
				SDKROOT = iphoneos;
				SWIFT_ACTIVE_COMPILATION_CONDITIONS = DEBUG;
				SWIFT_OPTIMIZATION_LEVEL = "-Onone";
			};
			name = Debug;
		};
		4D36F40B25DCA39B00870ADE /* Release */ = {
			isa = XCBuildConfiguration;
			buildSettings = {
				ALWAYS_SEARCH_USER_PATHS = NO;
				CLANG_ANALYZER_NONNULL = YES;
				CLANG_ANALYZER_NUMBER_OBJECT_CONVERSION = YES_AGGRESSIVE;
				CLANG_CXX_LANGUAGE_STANDARD = "gnu++14";
				CLANG_CXX_LIBRARY = "libc++";
				CLANG_ENABLE_MODULES = YES;
				CLANG_ENABLE_OBJC_ARC = YES;
				CLANG_ENABLE_OBJC_WEAK = YES;
				CLANG_WARN_BLOCK_CAPTURE_AUTORELEASING = YES;
				CLANG_WARN_BOOL_CONVERSION = YES;
				CLANG_WARN_COMMA = YES;
				CLANG_WARN_CONSTANT_CONVERSION = YES;
				CLANG_WARN_DEPRECATED_OBJC_IMPLEMENTATIONS = YES;
				CLANG_WARN_DIRECT_OBJC_ISA_USAGE = YES_ERROR;
				CLANG_WARN_DOCUMENTATION_COMMENTS = YES;
				CLANG_WARN_EMPTY_BODY = YES;
				CLANG_WARN_ENUM_CONVERSION = YES;
				CLANG_WARN_INFINITE_RECURSION = YES;
				CLANG_WARN_INT_CONVERSION = YES;
				CLANG_WARN_NON_LITERAL_NULL_CONVERSION = YES;
				CLANG_WARN_OBJC_IMPLICIT_RETAIN_SELF = YES;
				CLANG_WARN_OBJC_LITERAL_CONVERSION = YES;
				CLANG_WARN_OBJC_ROOT_CLASS = YES_ERROR;
				CLANG_WARN_QUOTED_INCLUDE_IN_FRAMEWORK_HEADER = YES;
				CLANG_WARN_RANGE_LOOP_ANALYSIS = YES;
				CLANG_WARN_STRICT_PROTOTYPES = YES;
				CLANG_WARN_SUSPICIOUS_MOVE = YES;
				CLANG_WARN_UNGUARDED_AVAILABILITY = YES_AGGRESSIVE;
				CLANG_WARN_UNREACHABLE_CODE = YES;
				CLANG_WARN__DUPLICATE_METHOD_MATCH = YES;
				COPY_PHASE_STRIP = NO;
				DEBUG_INFORMATION_FORMAT = "dwarf-with-dsym";
				ENABLE_NS_ASSERTIONS = NO;
				ENABLE_STRICT_OBJC_MSGSEND = YES;
				GCC_C_LANGUAGE_STANDARD = gnu11;
				GCC_NO_COMMON_BLOCKS = YES;
				GCC_WARN_64_TO_32_BIT_CONVERSION = YES;
				GCC_WARN_ABOUT_RETURN_TYPE = YES_ERROR;
				GCC_WARN_UNDECLARED_SELECTOR = YES;
				GCC_WARN_UNINITIALIZED_AUTOS = YES_AGGRESSIVE;
				GCC_WARN_UNUSED_FUNCTION = YES;
				GCC_WARN_UNUSED_VARIABLE = YES;
				IPHONEOS_DEPLOYMENT_TARGET = 14.2;
				MTL_ENABLE_DEBUG_INFO = NO;
				MTL_FAST_MATH = YES;
				SDKROOT = iphoneos;
				SWIFT_COMPILATION_MODE = wholemodule;
				SWIFT_OPTIMIZATION_LEVEL = "-O";
				VALIDATE_PRODUCT = YES;
			};
			name = Release;
		};
		4D36F40D25DCA39B00870ADE /* Debug */ = {
			isa = XCBuildConfiguration;
			buildSettings = {
				ASSETCATALOG_COMPILER_APPICON_NAME = AppIcon;
				ASSETCATALOG_COMPILER_GLOBAL_ACCENT_COLOR_NAME = AccentColor;
				CODE_SIGN_STYLE = Automatic;
				CURRENT_PROJECT_VERSION = 2;
				DEVELOPMENT_TEAM = 67AYPRFZH8;
				INFOPLIST_FILE = "Monty Hall App/Info.plist";
				LD_RUNPATH_SEARCH_PATHS = (
					"$(inherited)",
					"@executable_path/Frameworks",
				);
				PRODUCT_BUNDLE_IDENTIFIER = com.DiogoInfante.MontyHall;
				PRODUCT_NAME = "$(TARGET_NAME)";
				SWIFT_VERSION = 5.0;
				TARGETED_DEVICE_FAMILY = "1,2";
			};
			name = Debug;
		};
		4D36F40E25DCA39B00870ADE /* Release */ = {
			isa = XCBuildConfiguration;
			buildSettings = {
				ASSETCATALOG_COMPILER_APPICON_NAME = AppIcon;
				ASSETCATALOG_COMPILER_GLOBAL_ACCENT_COLOR_NAME = AccentColor;
				CODE_SIGN_STYLE = Automatic;
				CURRENT_PROJECT_VERSION = 2;
				DEVELOPMENT_TEAM = 67AYPRFZH8;
				INFOPLIST_FILE = "Monty Hall App/Info.plist";
				LD_RUNPATH_SEARCH_PATHS = (
					"$(inherited)",
					"@executable_path/Frameworks",
				);
				PRODUCT_BUNDLE_IDENTIFIER = com.DiogoInfante.MontyHall;
				PRODUCT_NAME = "$(TARGET_NAME)";
				SWIFT_VERSION = 5.0;
				TARGETED_DEVICE_FAMILY = "1,2";
			};
			name = Release;
		};
		4D36F41025DCA39B00870ADE /* Debug */ = {
			isa = XCBuildConfiguration;
			buildSettings = {
				ALWAYS_EMBED_SWIFT_STANDARD_LIBRARIES = YES;
				BUNDLE_LOADER = "$(TEST_HOST)";
				CODE_SIGN_STYLE = Automatic;
				DEVELOPMENT_TEAM = 72MQ9UJM4S;
				INFOPLIST_FILE = "Monty Hall AppTests/Info.plist";
				IPHONEOS_DEPLOYMENT_TARGET = 14.2;
				LD_RUNPATH_SEARCH_PATHS = (
					"$(inherited)",
					"@executable_path/Frameworks",
					"@loader_path/Frameworks",
				);
				PRODUCT_BUNDLE_IDENTIFIER = "com.Apple-Developer-Academy.Monty-Hall-AppTests";
				PRODUCT_NAME = "$(TARGET_NAME)";
				SWIFT_VERSION = 5.0;
				TARGETED_DEVICE_FAMILY = "1,2";
				TEST_HOST = "$(BUILT_PRODUCTS_DIR)/Monty Hall App.app/Monty Hall App";
			};
			name = Debug;
		};
		4D36F41125DCA39B00870ADE /* Release */ = {
			isa = XCBuildConfiguration;
			buildSettings = {
				ALWAYS_EMBED_SWIFT_STANDARD_LIBRARIES = YES;
				BUNDLE_LOADER = "$(TEST_HOST)";
				CODE_SIGN_STYLE = Automatic;
				DEVELOPMENT_TEAM = 72MQ9UJM4S;
				INFOPLIST_FILE = "Monty Hall AppTests/Info.plist";
				IPHONEOS_DEPLOYMENT_TARGET = 14.2;
				LD_RUNPATH_SEARCH_PATHS = (
					"$(inherited)",
					"@executable_path/Frameworks",
					"@loader_path/Frameworks",
				);
				PRODUCT_BUNDLE_IDENTIFIER = "com.Apple-Developer-Academy.Monty-Hall-AppTests";
				PRODUCT_NAME = "$(TARGET_NAME)";
				SWIFT_VERSION = 5.0;
				TARGETED_DEVICE_FAMILY = "1,2";
				TEST_HOST = "$(BUILT_PRODUCTS_DIR)/Monty Hall App.app/Monty Hall App";
			};
			name = Release;
		};
		4D36F41325DCA39B00870ADE /* Debug */ = {
			isa = XCBuildConfiguration;
			buildSettings = {
				ALWAYS_EMBED_SWIFT_STANDARD_LIBRARIES = YES;
				CODE_SIGN_STYLE = Automatic;
				DEVELOPMENT_TEAM = 72MQ9UJM4S;
				INFOPLIST_FILE = "Monty Hall AppUITests/Info.plist";
				LD_RUNPATH_SEARCH_PATHS = (
					"$(inherited)",
					"@executable_path/Frameworks",
					"@loader_path/Frameworks",
				);
				PRODUCT_BUNDLE_IDENTIFIER = "com.Apple-Developer-Academy.Monty-Hall-AppUITests";
				PRODUCT_NAME = "$(TARGET_NAME)";
				SWIFT_VERSION = 5.0;
				TARGETED_DEVICE_FAMILY = "1,2";
				TEST_TARGET_NAME = "Monty Hall App";
			};
			name = Debug;
		};
		4D36F41425DCA39B00870ADE /* Release */ = {
			isa = XCBuildConfiguration;
			buildSettings = {
				ALWAYS_EMBED_SWIFT_STANDARD_LIBRARIES = YES;
				CODE_SIGN_STYLE = Automatic;
				DEVELOPMENT_TEAM = 72MQ9UJM4S;
				INFOPLIST_FILE = "Monty Hall AppUITests/Info.plist";
				LD_RUNPATH_SEARCH_PATHS = (
					"$(inherited)",
					"@executable_path/Frameworks",
					"@loader_path/Frameworks",
				);
				PRODUCT_BUNDLE_IDENTIFIER = "com.Apple-Developer-Academy.Monty-Hall-AppUITests";
				PRODUCT_NAME = "$(TARGET_NAME)";
				SWIFT_VERSION = 5.0;
				TARGETED_DEVICE_FAMILY = "1,2";
				TEST_TARGET_NAME = "Monty Hall App";
			};
			name = Release;
		};
/* End XCBuildConfiguration section */

/* Begin XCConfigurationList section */
		4D36F3DD25DCA39800870ADE /* Build configuration list for PBXProject "Monty Hall App" */ = {
			isa = XCConfigurationList;
			buildConfigurations = (
				4D36F40A25DCA39B00870ADE /* Debug */,
				4D36F40B25DCA39B00870ADE /* Release */,
			);
			defaultConfigurationIsVisible = 0;
			defaultConfigurationName = Release;
		};
		4D36F40C25DCA39B00870ADE /* Build configuration list for PBXNativeTarget "Monty Hall App" */ = {
			isa = XCConfigurationList;
			buildConfigurations = (
				4D36F40D25DCA39B00870ADE /* Debug */,
				4D36F40E25DCA39B00870ADE /* Release */,
			);
			defaultConfigurationIsVisible = 0;
			defaultConfigurationName = Release;
		};
		4D36F40F25DCA39B00870ADE /* Build configuration list for PBXNativeTarget "Monty Hall AppTests" */ = {
			isa = XCConfigurationList;
			buildConfigurations = (
				4D36F41025DCA39B00870ADE /* Debug */,
				4D36F41125DCA39B00870ADE /* Release */,
			);
			defaultConfigurationIsVisible = 0;
			defaultConfigurationName = Release;
		};
		4D36F41225DCA39B00870ADE /* Build configuration list for PBXNativeTarget "Monty Hall AppUITests" */ = {
			isa = XCConfigurationList;
			buildConfigurations = (
				4D36F41325DCA39B00870ADE /* Debug */,
				4D36F41425DCA39B00870ADE /* Release */,
			);
			defaultConfigurationIsVisible = 0;
			defaultConfigurationName = Release;
		};
/* End XCConfigurationList section */
	};
	rootObject = 4D36F3DA25DCA39800870ADE /* Project object */;
}
